{
    "version": 3,
    "terraform_version": "0.11.7",
    "serial": 1,
    "lineage": "f0f977f0-18ff-c318-e7b8-755df86c2680",
    "modules": [
        {
            "path": [
                "root"
            ],
            "outputs": {
                "config": {
                    "sensitive": false,
                    "type": "string",
                    "value": "\n# eks\naws eks list-clusters\naws eks describe-cluster --name demo\n\n# kube-config\nmkdir -p ~/.kube\ncat .output/kube-config.yml \u003e ~/.kube/config\n\n# aws-auth\nkubectl apply -f .output/aws-auth.yaml\n\n# calico\nkubectl apply -f ./data/calico.yml\n\n# cluster role\nkubectl create clusterrolebinding add-on-cluster-admin --clusterrole=cluster-admin --serviceaccount=kube-system:default\n\n# deploy dashboard access control\nkubectl apply -f ./data/kube-dashboard-access.yml\n\n# deploy dashboard\nkubectl apply -f https://raw.githubusercontent.com/kubernetes/dashboard/master/src/deploy/recommended/kubernetes-dashboard.yaml\n\n# TODO pulsar\nkubectl apply -f ./data/sample-web.yml\n\n# get\nkubectl get no,deploy,pod,svc --all-namespaces\n\n"
                }
            },
            "resources": {
                "aws_autoscaling_group.node": {
                    "type": "aws_autoscaling_group",
                    "depends_on": [
                        "aws_launch_configuration.node",
                        "aws_subnet.cluster.*"
                    ],
                    "primary": {
                        "id": "terraform-eks-demo",
                        "attributes": {
                            "arn": "arn:aws:autoscaling:us-east-1:796154432834:autoScalingGroup:d79886dd-f32e-460d-b2fb-8dda344e9e9f:autoScalingGroupName/terraform-eks-demo",
                            "availability_zones.#": "2",
                            "availability_zones.1305112097": "us-east-1b",
                            "availability_zones.3569565595": "us-east-1a",
                            "default_cooldown": "300",
                            "desired_capacity": "2",
                            "enabled_metrics.#": "0",
                            "force_delete": "false",
                            "health_check_grace_period": "300",
                            "health_check_type": "EC2",
                            "id": "terraform-eks-demo",
                            "launch_configuration": "terraform-eks-demo20181030040158349300000006",
                            "launch_template.#": "0",
                            "load_balancers.#": "0",
                            "max_size": "2",
                            "metrics_granularity": "1Minute",
                            "min_size": "1",
                            "name": "terraform-eks-demo",
                            "placement_group": "",
                            "protect_from_scale_in": "false",
                            "service_linked_role_arn": "arn:aws:iam::796154432834:role/aws-service-role/autoscaling.amazonaws.com/AWSServiceRoleForAutoScaling",
                            "suspended_processes.#": "0",
                            "tag.#": "2",
                            "tag.2877685469.key": "kubernetes.io/cluster/demo",
                            "tag.2877685469.propagate_at_launch": "true",
                            "tag.2877685469.value": "owned",
                            "tag.4079220990.key": "Name",
                            "tag.4079220990.propagate_at_launch": "true",
                            "tag.4079220990.value": "terraform-eks-demo",
                            "target_group_arns.#": "0",
                            "termination_policies.#": "0",
                            "vpc_zone_identifier.#": "2",
                            "vpc_zone_identifier.1647001228": "subnet-0edbb87b6c2781d09",
                            "vpc_zone_identifier.2214882891": "subnet-0ba84ec690023722a",
                            "wait_for_capacity_timeout": "10m"
                        },
                        "meta": {
                            "e2bfb730-ecaa-11e6-8f88-34363bc7c4c0": {
                                "delete": 600000000000
                            }
                        },
                        "tainted": false
                    },
                    "deposed": [],
                    "provider": "provider.aws"
                },
                "aws_eks_cluster.cluster": {
                    "type": "aws_eks_cluster",
                    "depends_on": [
                        "aws_iam_role.cluster",
                        "aws_iam_role_policy_attachment.cluster-AmazonEKSClusterPolicy",
                        "aws_iam_role_policy_attachment.cluster-AmazonEKSServicePolicy",
                        "aws_security_group.cluster",
                        "aws_subnet.cluster.*"
                    ],
                    "primary": {
                        "id": "demo",
                        "attributes": {
                            "arn": "arn:aws:eks:us-east-1:796154432834:cluster/demo",
                            "certificate_authority.#": "1",
                            "certificate_authority.0.data": "LS0tLS1CRUdJTiBDRVJUSUZJQ0FURS0tLS0tCk1JSUN5RENDQWJDZ0F3SUJBZ0lCQURBTkJna3Foa2lHOXcwQkFRc0ZBREFWTVJNd0VRWURWUVFERXdwcmRXSmwKY201bGRHVnpNQjRYRFRFNE1UQXpNREEwTURBd09Wb1hEVEk0TVRBeU56QTBNREF3T1Zvd0ZURVRNQkVHQTFVRQpBeE1LYTNWaVpYSnVaWFJsY3pDQ0FTSXdEUVlKS29aSWh2Y05BUUVCQlFBRGdnRVBBRENDQVFvQ2dnRUJBS1JJCnU0QTNUc1BFU1lycDIwR1VBaVdKK1paKytMQUEvRU9tZytpRXVsYk9KNTVINXhVTFpaVFRiYmJqc1ZoUVFqNk4KOWFDZXR0aGs0MEFaczR3VWFQaVV6T2Q4bGorSGpnakVObGdOZmtKTDBkNFQzbGFKUEVxQ0trSGRVdVlVbkJuRwpzYnFMYlI0K3pwRG1FZ2g3OEhYcFlvdzFwWk1Sdm5tUUFxclJDMk9PU05LcGtPalJUT1FrbHplOUpUTC9lbmJnCmtYOHNlM2dhd3hDWnNFVG9NRlRrNG1EWVNDbjd2R1h2MUJKUGNUcXE4TTZxTE42T0ZaakhIUlFWQ25JdHpyaHkKWXBsS1FHdFJFTVJUSDc5MnZ6U1dOYzdmWjNOVkdVVWI4WHFlcTVsbTFXbjR5R0V2amRYL1M3V3pOOUtESmRJbgp3WktvbjNZSFlPZ05pRVJRY3FjQ0F3RUFBYU1qTUNFd0RnWURWUjBQQVFIL0JBUURBZ0trTUE4R0ExVWRFd0VCCi93UUZNQU1CQWY4d0RRWUpLb1pJaHZjTkFRRUxCUUFEZ2dFQkFIeWMyenQyZWJ6bys0djVneHZPNzIwUDdkMEUKZ3ZUSHQzZTBrZXdFMUo2UDY0VlJrbEpIWVFBaU9rV2hUc0JKaFVhSnIzdG0rcHlzUGcwTWJTcE9nb2pBQ1hVeAoweWZHbHBsOXFSckdTcUs2bVhkUkZyR3Y2djh0anNPdHZDNW5jaGo5Y3NobDNORDFPYWR4NUFIVit5QmptajZjCmsxaGR0ZCs0amwzZXVVeEdaYllxYXdyay9FQjJaS3lUSXZLWTNURGNQN0k3T1ZrZEY2UnpJYlVEVUZ2bGNkVFoKWXNRaDhQeUxzTEUwZFdZekc3bHlZcE5CWkY4c2V3c0xQWDR3cnBseFgzR3NWckJGRVF0eFNRMGhkazNzK1BSUgpwSjg3c3p4YzV5bHFORXpPMVJqVUN3ZFZVUmhSOEdlMkZMbkZFbS9FRzlhRzNRNHRVajlKMUErajRzTT0KLS0tLS1FTkQgQ0VSVElGSUNBVEUtLS0tLQo=",
                            "created_at": "2018-10-30 03:52:56 +0000 UTC",
                            "endpoint": "https://D63BD5563B1A07C3826D6F6726B192E1.yl4.us-east-1.eks.amazonaws.com",
                            "id": "demo",
                            "name": "demo",
                            "platform_version": "eks.2",
                            "role_arn": "arn:aws:iam::796154432834:role/terraform-eks-demo-cluster",
                            "version": "1.10",
                            "vpc_config.#": "1",
                            "vpc_config.0.security_group_ids.#": "1",
                            "vpc_config.0.security_group_ids.1854847840": "sg-09beb8068d9e780be",
                            "vpc_config.0.subnet_ids.#": "2",
                            "vpc_config.0.subnet_ids.2189662943": "subnet-0ba84ec690023722a",
                            "vpc_config.0.subnet_ids.2271601308": "subnet-0edbb87b6c2781d09",
                            "vpc_config.0.vpc_id": "vpc-0421e88610f0005cc"
                        },
                        "meta": {
                            "e2bfb730-ecaa-11e6-8f88-34363bc7c4c0": {
                                "create": 900000000000,
                                "delete": 900000000000
                            }
                        },
                        "tainted": false
                    },
                    "deposed": [],
                    "provider": "provider.aws"
                },
                "aws_iam_instance_profile.node": {
                    "type": "aws_iam_instance_profile",
                    "depends_on": [
                        "aws_iam_role.node"
                    ],
                    "primary": {
                        "id": "terraform-eks-demo",
                        "attributes": {
                            "arn": "arn:aws:iam::796154432834:instance-profile/terraform-eks-demo",
                            "create_date": "2018-10-30T03:52:06Z",
                            "id": "terraform-eks-demo",
                            "name": "terraform-eks-demo",
                            "path": "/",
                            "role": "terraform-eks-demo-node",
                            "roles.#": "0",
                            "unique_id": "AIPAJF2HMAOC3XRAJANAY"
                        },
                        "meta": {},
                        "tainted": false
                    },
                    "deposed": [],
                    "provider": "provider.aws"
                },
                "aws_iam_role.cluster": {
                    "type": "aws_iam_role",
                    "depends_on": [],
                    "primary": {
                        "id": "terraform-eks-demo-cluster",
                        "attributes": {
                            "arn": "arn:aws:iam::796154432834:role/terraform-eks-demo-cluster",
                            "assume_role_policy": "{\"Version\":\"2012-10-17\",\"Statement\":[{\"Effect\":\"Allow\",\"Principal\":{\"Service\":\"eks.amazonaws.com\"},\"Action\":\"sts:AssumeRole\"}]}",
                            "create_date": "2018-10-30T03:52:04Z",
                            "description": "",
                            "force_detach_policies": "false",
                            "id": "terraform-eks-demo-cluster",
                            "max_session_duration": "3600",
                            "name": "terraform-eks-demo-cluster",
                            "path": "/",
                            "unique_id": "AROAJ6H2RBYLHNH4NNQH2"
                        },
                        "meta": {},
                        "tainted": false
                    },
                    "deposed": [],
                    "provider": "provider.aws"
                },
                "aws_iam_role.node": {
                    "type": "aws_iam_role",
                    "depends_on": [],
                    "primary": {
                        "id": "terraform-eks-demo-node",
                        "attributes": {
                            "arn": "arn:aws:iam::796154432834:role/terraform-eks-demo-node",
                            "assume_role_policy": "{\"Version\":\"2012-10-17\",\"Statement\":[{\"Effect\":\"Allow\",\"Principal\":{\"Service\":\"ec2.amazonaws.com\"},\"Action\":\"sts:AssumeRole\"}]}",
                            "create_date": "2018-10-30T03:52:04Z",
                            "description": "",
                            "force_detach_policies": "false",
                            "id": "terraform-eks-demo-node",
                            "max_session_duration": "3600",
                            "name": "terraform-eks-demo-node",
                            "path": "/",
                            "unique_id": "AROAJ6YLL6OYJVDPPMKL2"
                        },
                        "meta": {},
                        "tainted": false
                    },
                    "deposed": [],
                    "provider": "provider.aws"
                },
                "aws_iam_role_policy_attachment.cluster-AmazonEKSClusterPolicy": {
                    "type": "aws_iam_role_policy_attachment",
                    "depends_on": [
                        "aws_iam_role.cluster"
                    ],
                    "primary": {
                        "id": "terraform-eks-demo-cluster-20181030035206760300000004",
                        "attributes": {
                            "id": "terraform-eks-demo-cluster-20181030035206760300000004",
                            "policy_arn": "arn:aws:iam::aws:policy/AmazonEKSClusterPolicy",
                            "role": "terraform-eks-demo-cluster"
                        },
                        "meta": {},
                        "tainted": false
                    },
                    "deposed": [],
                    "provider": "provider.aws"
                },
                "aws_iam_role_policy_attachment.cluster-AmazonEKSServicePolicy": {
                    "type": "aws_iam_role_policy_attachment",
                    "depends_on": [
                        "aws_iam_role.cluster"
                    ],
                    "primary": {
                        "id": "terraform-eks-demo-cluster-20181030035206798300000005",
                        "attributes": {
                            "id": "terraform-eks-demo-cluster-20181030035206798300000005",
                            "policy_arn": "arn:aws:iam::aws:policy/AmazonEKSServicePolicy",
                            "role": "terraform-eks-demo-cluster"
                        },
                        "meta": {},
                        "tainted": false
                    },
                    "deposed": [],
                    "provider": "provider.aws"
                },
                "aws_iam_role_policy_attachment.node-AmazonEC2ContainerRegistryReadOnly": {
                    "type": "aws_iam_role_policy_attachment",
                    "depends_on": [
                        "aws_iam_role.node"
                    ],
                    "primary": {
                        "id": "terraform-eks-demo-node-20181030035206754100000002",
                        "attributes": {
                            "id": "terraform-eks-demo-node-20181030035206754100000002",
                            "policy_arn": "arn:aws:iam::aws:policy/AmazonEC2ContainerRegistryReadOnly",
                            "role": "terraform-eks-demo-node"
                        },
                        "meta": {},
                        "tainted": false
                    },
                    "deposed": [],
                    "provider": "provider.aws"
                },
                "aws_iam_role_policy_attachment.node-AmazonEKSWorkerNodePolicy": {
                    "type": "aws_iam_role_policy_attachment",
                    "depends_on": [
                        "aws_iam_role.node"
                    ],
                    "primary": {
                        "id": "terraform-eks-demo-node-20181030035206754700000003",
                        "attributes": {
                            "id": "terraform-eks-demo-node-20181030035206754700000003",
                            "policy_arn": "arn:aws:iam::aws:policy/AmazonEKSWorkerNodePolicy",
                            "role": "terraform-eks-demo-node"
                        },
                        "meta": {},
                        "tainted": false
                    },
                    "deposed": [],
                    "provider": "provider.aws"
                },
                "aws_iam_role_policy_attachment.node-AmazonEKS_CNI_Policy": {
                    "type": "aws_iam_role_policy_attachment",
                    "depends_on": [
                        "aws_iam_role.node"
                    ],
                    "primary": {
                        "id": "terraform-eks-demo-node-20181030035206657300000001",
                        "attributes": {
                            "id": "terraform-eks-demo-node-20181030035206657300000001",
                            "policy_arn": "arn:aws:iam::aws:policy/AmazonEKS_CNI_Policy",
                            "role": "terraform-eks-demo-node"
                        },
                        "meta": {},
                        "tainted": false
                    },
                    "deposed": [],
                    "provider": "provider.aws"
                },
                "aws_internet_gateway.cluster": {
                    "type": "aws_internet_gateway",
                    "depends_on": [
                        "aws_vpc.cluster"
                    ],
                    "primary": {
                        "id": "igw-0b9d628d5db60d066",
                        "attributes": {
                            "id": "igw-0b9d628d5db60d066",
                            "tags.%": "1",
                            "tags.Name": "terraform-eks-demo",
                            "vpc_id": "vpc-0421e88610f0005cc"
                        },
                        "meta": {},
                        "tainted": false
                    },
                    "deposed": [],
                    "provider": "provider.aws"
                },
                "aws_launch_configuration.node": {
                    "type": "aws_launch_configuration",
                    "depends_on": [
                        "aws_iam_instance_profile.node",
                        "aws_security_group.node",
                        "data.aws_ami.eks-worker",
                        "local.node-userdata"
                    ],
                    "primary": {
                        "id": "terraform-eks-demo20181030040158349300000006",
                        "attributes": {
                            "associate_public_ip_address": "true",
                            "ebs_block_device.#": "0",
                            "ebs_optimized": "false",
                            "enable_monitoring": "true",
                            "ephemeral_block_device.#": "0",
                            "iam_instance_profile": "terraform-eks-demo",
                            "id": "terraform-eks-demo20181030040158349300000006",
                            "image_id": "ami-048486555686d18a0",
                            "instance_type": "m4.large",
                            "key_name": "",
                            "name": "terraform-eks-demo20181030040158349300000006",
                            "name_prefix": "terraform-eks-demo",
                            "root_block_device.#": "0",
                            "security_groups.#": "1",
                            "security_groups.1700056644": "sg-0f30985d79ae97051",
                            "spot_price": "",
                            "user_data_base64": "IyEvYmluL2Jhc2ggLXhlCkNBX0NFUlRJRklDQVRFX0RJUkVDVE9SWT0vZXRjL2t1YmVybmV0ZXMvcGtpCkNBX0NFUlRJRklDQVRFX0ZJTEVfUEFUSD0kQ0FfQ0VSVElGSUNBVEVfRElSRUNUT1JZL2NhLmNydApta2RpciAtcCAkQ0FfQ0VSVElGSUNBVEVfRElSRUNUT1JZCmVjaG8gIkxTMHRMUzFDUlVkSlRpQkRSVkpVU1VaSlEwRlVSUzB0TFMwdENrMUpTVU41UkVORFFXSkRaMEYzU1VKQlowbENRVVJCVGtKbmEzRm9hMmxIT1hjd1FrRlJjMFpCUkVGV1RWSk5kMFZSV1VSV1VWRkVSWGR3Y21SWFNtd0tZMjAxYkdSSFZucE5RalJZUkZSRk5FMVVRWHBOUkVFd1RVUkJkMDlXYjFoRVZFazBUVlJCZVU1NlFUQk5SRUYzVDFadmQwWlVSVlJOUWtWSFFURlZSUXBCZUUxTFlUTldhVnBZU25WYVdGSnNZM3BEUTBGVFNYZEVVVmxLUzI5YVNXaDJZMDVCVVVWQ1FsRkJSR2RuUlZCQlJFTkRRVkZ2UTJkblJVSkJTMUpKQ25VMFFUTlVjMUJGVTFseWNESXdSMVZCYVZkS0sxcGFLeXRNUVVFdlJVOXRaeXRwUlhWc1lrOUtOVFZJTlhoVlRGcGFWRlJpWW1KcWMxWm9VVkZxTms0S09XRkRaWFIwYUdzME1FRmFjelIzVldGUWFWVjZUMlE0YkdvclNHcG5ha1ZPYkdkT1ptdEtUREJrTkZRemJHRktVRVZ4UTB0clNHUlZkVmxWYmtKdVJ3cHpZbkZNWWxJMEszcHdSRzFGWjJnM09FaFljRmx2ZHpGd1drMVNkbTV0VVVGeGNsSkRNazlQVTA1TGNHdFBhbEpVVDFGcmJIcGxPVXBVVEM5bGJtSm5DbXRZT0hObE0yZGhkM2hEV25ORlZHOU5SbFJyTkcxRVdWTkRiamQyUjFoMk1VSktVR05VY1hFNFRUWnhURTQyVDBaYWFraElVbEZXUTI1SmRIcHlhSGtLV1hCc1MxRkhkRkpGVFZKVVNEYzVNblo2VTFkT1l6ZG1Xak5PVmtkVlZXSTRXSEZsY1RWc2JURlhialI1UjBWMmFtUllMMU0zVjNwT09VdEVTbVJKYmdwM1drdHZiak5aU0ZsUFowNXBSVkpSWTNGalEwRjNSVUZCWVUxcVRVTkZkMFJuV1VSV1VqQlFRVkZJTDBKQlVVUkJaMHRyVFVFNFIwRXhWV1JGZDBWQ0NpOTNVVVpOUVUxQ1FXWTRkMFJSV1VwTGIxcEphSFpqVGtGUlJVeENVVUZFWjJkRlFrRkllV015ZW5ReVpXSjZieXMwZGpWbmVIWlBOekl3VURka01FVUtaM1pVU0hRelpUQnJaWGRGTVVvMlVEWTBWbEpyYkVwSVdWRkJhVTlyVjJoVWMwSkthRlZoU25JemRHMHJjSGx6VUdjd1RXSlRjRTluYjJwQlExaFZlQW93ZVdaSGJIQnNPWEZTY2tkVGNVczJiVmhrVWtaeVIzWTJkamgwYW5OUGRIWkROVzVqYUdvNVkzTm9iRE5PUkRGUFlXUjROVUZJVml0NVFtcHRhalpqQ21zeGFHUjBaQ3MwYW13elpYVlZlRWRhWWxseFlYZHlheTlGUWpKYVMzbFVTWFpMV1ROVVJHTlFOMGszVDFaclpFWTJVbnBKWWxWRVZVWjJiR05rVkZvS1dYTlJhRGhRZVV4elRFVXdaRmRaZWtjM2JIbFpjRTVDV2tZNGMyVjNjMHhRV0RSM2NuQnNlRmd6UjNOV2NrSkdSVkYwZUZOUk1HaGthek56SzFCU1VncHdTamczYzNwNFl6VjViSEZPUlhwUE1WSnFWVU4zWkZaVlVtaFNPRWRsTWtaTWJrWkZiUzlGUnpsaFJ6TlJOSFJWYWpsS01VRXJhalJ6VFQwS0xTMHRMUzFGVGtRZ1EwVlNWRWxHU1VOQlZFVXRMUzB0TFFvPSIgfCBiYXNlNjQgLWQgPiAkQ0FfQ0VSVElGSUNBVEVfRklMRV9QQVRICklOVEVSTkFMX0lQPSQoY3VybCAtcyBodHRwOi8vMTY5LjI1NC4xNjkuMjU0L2xhdGVzdC9tZXRhLWRhdGEvbG9jYWwtaXB2NCkKRE5TX0NMVVNURVJfSVA9MTAuMTAwLjAuMTAKaWYgW1sgJElOVEVSTkFMX0lQID09IDEwLiogXV07IHRoZW4gRE5TX0NMVVNURVJfSVA9MTcyLjIwLjAuMTA7IGZpCnNlZCAtaSBzLE1BU1RFUl9FTkRQT0lOVCxodHRwczovL0Q2M0JENTU2M0IxQTA3QzM4MjZENkY2NzI2QjE5MkUxLnlsNC51cy1lYXN0LTEuZWtzLmFtYXpvbmF3cy5jb20sZyAvdmFyL2xpYi9rdWJlbGV0L2t1YmVjb25maWcKc2VkIC1pIHMsQ0xVU1RFUl9OQU1FLGRlbW8sZyAvdmFyL2xpYi9rdWJlbGV0L2t1YmVjb25maWcKc2VkIC1pIHMsUkVHSU9OLHVzLWVhc3QtMSxnIC9ldGMvc3lzdGVtZC9zeXN0ZW0va3ViZWxldC5zZXJ2aWNlCnNlZCAtaSBzLE1BWF9QT0RTLDIwLGcgL2V0Yy9zeXN0ZW1kL3N5c3RlbS9rdWJlbGV0LnNlcnZpY2UKc2VkIC1pIHMsTUFTVEVSX0VORFBPSU5ULGh0dHBzOi8vRDYzQkQ1NTYzQjFBMDdDMzgyNkQ2RjY3MjZCMTkyRTEueWw0LnVzLWVhc3QtMS5la3MuYW1hem9uYXdzLmNvbSxnIC9ldGMvc3lzdGVtZC9zeXN0ZW0va3ViZWxldC5zZXJ2aWNlCnNlZCAtaSBzLElOVEVSTkFMX0lQLCRJTlRFUk5BTF9JUCxnIC9ldGMvc3lzdGVtZC9zeXN0ZW0va3ViZWxldC5zZXJ2aWNlCnNlZCAtaSBzLEROU19DTFVTVEVSX0lQLCRETlNfQ0xVU1RFUl9JUCxnIC9ldGMvc3lzdGVtZC9zeXN0ZW0va3ViZWxldC5zZXJ2aWNlCnNlZCAtaSBzLENFUlRJRklDQVRFX0FVVEhPUklUWV9GSUxFLCRDQV9DRVJUSUZJQ0FURV9GSUxFX1BBVEgsZyAvdmFyL2xpYi9rdWJlbGV0L2t1YmVjb25maWcKc2VkIC1pIHMsQ0xJRU5UX0NBX0ZJTEUsJENBX0NFUlRJRklDQVRFX0ZJTEVfUEFUSCxnICAvZXRjL3N5c3RlbWQvc3lzdGVtL2t1YmVsZXQuc2VydmljZQpzeXN0ZW1jdGwgZGFlbW9uLXJlbG9hZApzeXN0ZW1jdGwgcmVzdGFydCBrdWJlbGV0IGt1YmUtcHJveHkKCg==",
                            "vpc_classic_link_id": "",
                            "vpc_classic_link_security_groups.#": "0"
                        },
                        "meta": {},
                        "tainted": false
                    },
                    "deposed": [],
                    "provider": "provider.aws"
                },
                "aws_route_table.cluster": {
                    "type": "aws_route_table",
                    "depends_on": [
                        "aws_internet_gateway.cluster",
                        "aws_vpc.cluster"
                    ],
                    "primary": {
                        "id": "rtb-0decfc0f33eed17e3",
                        "attributes": {
                            "id": "rtb-0decfc0f33eed17e3",
                            "propagating_vgws.#": "0",
                            "route.#": "1",
                            "route.3893316504.cidr_block": "0.0.0.0/0",
                            "route.3893316504.egress_only_gateway_id": "",
                            "route.3893316504.gateway_id": "igw-0b9d628d5db60d066",
                            "route.3893316504.instance_id": "",
                            "route.3893316504.ipv6_cidr_block": "",
                            "route.3893316504.nat_gateway_id": "",
                            "route.3893316504.network_interface_id": "",
                            "route.3893316504.vpc_peering_connection_id": "",
                            "tags.%": "0",
                            "vpc_id": "vpc-0421e88610f0005cc"
                        },
                        "meta": {},
                        "tainted": false
                    },
                    "deposed": [],
                    "provider": "provider.aws"
                },
                "aws_route_table_association.cluster.0": {
                    "type": "aws_route_table_association",
                    "depends_on": [
                        "aws_route_table.cluster",
                        "aws_subnet.cluster.*"
                    ],
                    "primary": {
                        "id": "rtbassoc-003b25e9bb073e1be",
                        "attributes": {
                            "id": "rtbassoc-003b25e9bb073e1be",
                            "route_table_id": "rtb-0decfc0f33eed17e3",
                            "subnet_id": "subnet-0edbb87b6c2781d09"
                        },
                        "meta": {},
                        "tainted": false
                    },
                    "deposed": [],
                    "provider": "provider.aws"
                },
                "aws_route_table_association.cluster.1": {
                    "type": "aws_route_table_association",
                    "depends_on": [
                        "aws_route_table.cluster",
                        "aws_subnet.cluster.*"
                    ],
                    "primary": {
                        "id": "rtbassoc-0d87170cdd2aa7ac0",
                        "attributes": {
                            "id": "rtbassoc-0d87170cdd2aa7ac0",
                            "route_table_id": "rtb-0decfc0f33eed17e3",
                            "subnet_id": "subnet-0ba84ec690023722a"
                        },
                        "meta": {},
                        "tainted": false
                    },
                    "deposed": [],
                    "provider": "provider.aws"
                },
                "aws_security_group.cluster": {
                    "type": "aws_security_group",
                    "depends_on": [
                        "aws_vpc.cluster"
                    ],
                    "primary": {
                        "id": "sg-09beb8068d9e780be",
                        "attributes": {
                            "arn": "arn:aws:ec2:us-east-1:796154432834:security-group/sg-09beb8068d9e780be",
                            "description": "Cluster communication with worker nodes",
                            "egress.#": "1",
                            "egress.482069346.cidr_blocks.#": "1",
                            "egress.482069346.cidr_blocks.0": "0.0.0.0/0",
                            "egress.482069346.description": "",
                            "egress.482069346.from_port": "0",
                            "egress.482069346.ipv6_cidr_blocks.#": "0",
                            "egress.482069346.prefix_list_ids.#": "0",
                            "egress.482069346.protocol": "-1",
                            "egress.482069346.security_groups.#": "0",
                            "egress.482069346.self": "false",
                            "egress.482069346.to_port": "0",
                            "id": "sg-09beb8068d9e780be",
                            "ingress.#": "0",
                            "name": "demo-cluster",
                            "owner_id": "796154432834",
                            "revoke_rules_on_delete": "false",
                            "tags.%": "1",
                            "tags.Name": "terraform-eks-demo",
                            "vpc_id": "vpc-0421e88610f0005cc"
                        },
                        "meta": {
                            "e2bfb730-ecaa-11e6-8f88-34363bc7c4c0": {
                                "create": 600000000000,
                                "delete": 600000000000
                            },
                            "schema_version": "1"
                        },
                        "tainted": false
                    },
                    "deposed": [],
                    "provider": "provider.aws"
                },
                "aws_security_group.node": {
                    "type": "aws_security_group",
                    "depends_on": [
                        "aws_vpc.cluster"
                    ],
                    "primary": {
                        "id": "sg-0f30985d79ae97051",
                        "attributes": {
                            "arn": "arn:aws:ec2:us-east-1:796154432834:security-group/sg-0f30985d79ae97051",
                            "description": "Security group for all nodes in the cluster",
                            "egress.#": "1",
                            "egress.482069346.cidr_blocks.#": "1",
                            "egress.482069346.cidr_blocks.0": "0.0.0.0/0",
                            "egress.482069346.description": "",
                            "egress.482069346.from_port": "0",
                            "egress.482069346.ipv6_cidr_blocks.#": "0",
                            "egress.482069346.prefix_list_ids.#": "0",
                            "egress.482069346.protocol": "-1",
                            "egress.482069346.security_groups.#": "0",
                            "egress.482069346.self": "false",
                            "egress.482069346.to_port": "0",
                            "id": "sg-0f30985d79ae97051",
                            "ingress.#": "0",
                            "name": "terraform-eks-demo-node",
                            "owner_id": "796154432834",
                            "revoke_rules_on_delete": "false",
                            "tags.%": "2",
                            "tags.Name": "terraform-eks-demo-node",
                            "tags.kubernetes.io/cluster/demo": "owned",
                            "vpc_id": "vpc-0421e88610f0005cc"
                        },
                        "meta": {
                            "e2bfb730-ecaa-11e6-8f88-34363bc7c4c0": {
                                "create": 600000000000,
                                "delete": 600000000000
                            },
                            "schema_version": "1"
                        },
                        "tainted": false
                    },
                    "deposed": [],
                    "provider": "provider.aws"
                },
                "aws_security_group_rule.cluster-ingress-node-https": {
                    "type": "aws_security_group_rule",
                    "depends_on": [
                        "aws_security_group.cluster",
                        "aws_security_group.node"
                    ],
                    "primary": {
                        "id": "sgrule-34883347",
                        "attributes": {
                            "description": "Allow pods to communicate with the cluster API Server",
                            "from_port": "443",
                            "id": "sgrule-34883347",
                            "protocol": "tcp",
                            "security_group_id": "sg-09beb8068d9e780be",
                            "self": "false",
                            "source_security_group_id": "sg-0f30985d79ae97051",
                            "to_port": "443",
                            "type": "ingress"
                        },
                        "meta": {
                            "schema_version": "2"
                        },
                        "tainted": false
                    },
                    "deposed": [],
                    "provider": "provider.aws"
                },
                "aws_security_group_rule.node-ingress-cluster": {
                    "type": "aws_security_group_rule",
                    "depends_on": [
                        "aws_security_group.cluster",
                        "aws_security_group.node"
                    ],
                    "primary": {
                        "id": "sgrule-1463119917",
                        "attributes": {
                            "description": "Allow worker Kubelets and pods to receive communication from the cluster control plane",
                            "from_port": "1025",
                            "id": "sgrule-1463119917",
                            "protocol": "tcp",
                            "security_group_id": "sg-0f30985d79ae97051",
                            "self": "false",
                            "source_security_group_id": "sg-09beb8068d9e780be",
                            "to_port": "65535",
                            "type": "ingress"
                        },
                        "meta": {
                            "schema_version": "2"
                        },
                        "tainted": false
                    },
                    "deposed": [],
                    "provider": "provider.aws"
                },
                "aws_security_group_rule.node-ingress-self": {
                    "type": "aws_security_group_rule",
                    "depends_on": [
                        "aws_security_group.node"
                    ],
                    "primary": {
                        "id": "sgrule-684939252",
                        "attributes": {
                            "description": "Allow node to communicate with each other",
                            "from_port": "0",
                            "id": "sgrule-684939252",
                            "protocol": "-1",
                            "security_group_id": "sg-0f30985d79ae97051",
                            "self": "false",
                            "source_security_group_id": "sg-0f30985d79ae97051",
                            "to_port": "65535",
                            "type": "ingress"
                        },
                        "meta": {
                            "schema_version": "2"
                        },
                        "tainted": false
                    },
                    "deposed": [],
                    "provider": "provider.aws"
                },
                "aws_subnet.cluster.0": {
                    "type": "aws_subnet",
                    "depends_on": [
                        "aws_vpc.cluster",
                        "data.aws_availability_zones.available"
                    ],
                    "primary": {
                        "id": "subnet-0edbb87b6c2781d09",
                        "attributes": {
                            "arn": "arn:aws:ec2:us-east-1:796154432834:subnet/subnet-0edbb87b6c2781d09",
                            "assign_ipv6_address_on_creation": "false",
                            "availability_zone": "us-east-1a",
                            "cidr_block": "10.0.20.0/24",
                            "id": "subnet-0edbb87b6c2781d09",
                            "map_public_ip_on_launch": "false",
                            "tags.%": "2",
                            "tags.Name": "terraform-eks-demo",
                            "tags.kubernetes.io/cluster/demo": "shared",
                            "vpc_id": "vpc-0421e88610f0005cc"
                        },
                        "meta": {
                            "e2bfb730-ecaa-11e6-8f88-34363bc7c4c0": {
                                "create": 600000000000,
                                "delete": 600000000000
                            },
                            "schema_version": "1"
                        },
                        "tainted": false
                    },
                    "deposed": [],
                    "provider": "provider.aws"
                },
                "aws_subnet.cluster.1": {
                    "type": "aws_subnet",
                    "depends_on": [
                        "aws_vpc.cluster",
                        "data.aws_availability_zones.available"
                    ],
                    "primary": {
                        "id": "subnet-0ba84ec690023722a",
                        "attributes": {
                            "arn": "arn:aws:ec2:us-east-1:796154432834:subnet/subnet-0ba84ec690023722a",
                            "assign_ipv6_address_on_creation": "false",
                            "availability_zone": "us-east-1b",
                            "cidr_block": "10.0.21.0/24",
                            "id": "subnet-0ba84ec690023722a",
                            "map_public_ip_on_launch": "false",
                            "tags.%": "2",
                            "tags.Name": "terraform-eks-demo",
                            "tags.kubernetes.io/cluster/demo": "shared",
                            "vpc_id": "vpc-0421e88610f0005cc"
                        },
                        "meta": {
                            "e2bfb730-ecaa-11e6-8f88-34363bc7c4c0": {
                                "create": 600000000000,
                                "delete": 600000000000
                            },
                            "schema_version": "1"
                        },
                        "tainted": false
                    },
                    "deposed": [],
                    "provider": "provider.aws"
                },
                "aws_vpc.cluster": {
                    "type": "aws_vpc",
                    "depends_on": [],
                    "primary": {
                        "id": "vpc-0421e88610f0005cc",
                        "attributes": {
                            "arn": "arn:aws:ec2:us-east-1:796154432834:vpc/vpc-0421e88610f0005cc",
                            "assign_generated_ipv6_cidr_block": "false",
                            "cidr_block": "10.0.0.0/16",
                            "default_network_acl_id": "acl-09224f91151c11c03",
                            "default_route_table_id": "rtb-0969c8cdd494136f0",
                            "default_security_group_id": "sg-09acbb5f1aa8f312c",
                            "dhcp_options_id": "dopt-59ca8b22",
                            "enable_classiclink": "false",
                            "enable_classiclink_dns_support": "false",
                            "enable_dns_hostnames": "false",
                            "enable_dns_support": "true",
                            "id": "vpc-0421e88610f0005cc",
                            "instance_tenancy": "default",
                            "main_route_table_id": "rtb-0969c8cdd494136f0",
                            "tags.%": "2",
                            "tags.Name": "terraform-eks-demo",
                            "tags.kubernetes.io/cluster/demo": "shared"
                        },
                        "meta": {
                            "schema_version": "1"
                        },
                        "tainted": false
                    },
                    "deposed": [],
                    "provider": "provider.aws"
                },
                "data.aws_ami.eks-worker": {
                    "type": "aws_ami",
                    "depends_on": [],
                    "primary": {
                        "id": "ami-048486555686d18a0",
                        "attributes": {
                            "architecture": "x86_64",
                            "block_device_mappings.#": "1",
                            "block_device_mappings.3798922657.device_name": "/dev/xvda",
                            "block_device_mappings.3798922657.ebs.%": "6",
                            "block_device_mappings.3798922657.ebs.delete_on_termination": "true",
                            "block_device_mappings.3798922657.ebs.encrypted": "false",
                            "block_device_mappings.3798922657.ebs.iops": "0",
                            "block_device_mappings.3798922657.ebs.snapshot_id": "snap-0277468d4a8a6a3d8",
                            "block_device_mappings.3798922657.ebs.volume_size": "20",
                            "block_device_mappings.3798922657.ebs.volume_type": "gp2",
                            "block_device_mappings.3798922657.no_device": "",
                            "block_device_mappings.3798922657.virtual_name": "",
                            "creation_date": "2018-08-14T21:06:01.000Z",
                            "description": "EKS Kubernetes Worker AMI with AmazonLinux2 image",
                            "filter.#": "1",
                            "filter.2070637487.name": "name",
                            "filter.2070637487.values.#": "1",
                            "filter.2070637487.values.0": "eks-worker-*",
                            "hypervisor": "xen",
                            "id": "ami-048486555686d18a0",
                            "image_id": "ami-048486555686d18a0",
                            "image_location": "602401143452/eks-worker-v22",
                            "image_type": "machine",
                            "most_recent": "true",
                            "name": "eks-worker-v22",
                            "owner_id": "602401143452",
                            "owners.#": "1",
                            "owners.0": "602401143452",
                            "product_codes.#": "0",
                            "public": "true",
                            "root_device_name": "/dev/xvda",
                            "root_device_type": "ebs",
                            "root_snapshot_id": "snap-0277468d4a8a6a3d8",
                            "sriov_net_support": "simple",
                            "state": "available",
                            "state_reason.%": "2",
                            "state_reason.code": "UNSET",
                            "state_reason.message": "UNSET",
                            "tags.%": "0",
                            "virtualization_type": "hvm"
                        },
                        "meta": {},
                        "tainted": false
                    },
                    "deposed": [],
                    "provider": "provider.aws"
                },
                "data.aws_availability_zones.available": {
                    "type": "aws_availability_zones",
                    "depends_on": [],
                    "primary": {
                        "id": "2018-10-30 03:51:52.385646 +0000 UTC",
                        "attributes": {
                            "id": "2018-10-30 03:51:52.385646 +0000 UTC",
                            "names.#": "6",
                            "names.0": "us-east-1a",
                            "names.1": "us-east-1b",
                            "names.2": "us-east-1c",
                            "names.3": "us-east-1d",
                            "names.4": "us-east-1e",
                            "names.5": "us-east-1f"
                        },
                        "meta": {},
                        "tainted": false
                    },
                    "deposed": [],
                    "provider": "provider.aws"
                },
                "data.template_file.aws-auth": {
                    "type": "template_file",
                    "depends_on": [
                        "aws_iam_role.node"
                    ],
                    "primary": {
                        "id": "21425eaa3baaae166d8f3aeed1187337b267f20b70498d0287e9edbd3bca19c8",
                        "attributes": {
                            "id": "21425eaa3baaae166d8f3aeed1187337b267f20b70498d0287e9edbd3bca19c8",
                            "rendered": "apiVersion: v1\nkind: ConfigMap\nmetadata:\n  name: aws-auth\n  namespace: kube-system\ndata:\n  mapRoles: |\n    - rolearn: arn:aws:iam::796154432834:role/terraform-eks-demo-node\n      username: system:node:{{EC2PrivateDNSName}}\n      groups:\n        - system:bootstrappers\n        - system:nodes\n",
                            "template": "apiVersion: v1\nkind: ConfigMap\nmetadata:\n  name: aws-auth\n  namespace: kube-system\ndata:\n  mapRoles: |\n    - rolearn: ${AWS_IAM_ROLE_ARN}\n      username: system:node:{{EC2PrivateDNSName}}\n      groups:\n        - system:bootstrappers\n        - system:nodes\n",
                            "vars.%": "1",
                            "vars.AWS_IAM_ROLE_ARN": "arn:aws:iam::796154432834:role/terraform-eks-demo-node"
                        },
                        "meta": {},
                        "tainted": false
                    },
                    "deposed": [],
                    "provider": "provider.template"
                },
                "data.template_file.kube-config": {
                    "type": "template_file",
                    "depends_on": [
                        "aws_eks_cluster.cluster"
                    ],
                    "primary": {
                        "id": "e8d70dc19bf64905c3304c7576dd1b84c8eb3f2a10ce5bc51a39930fa60049fb",
                        "attributes": {
                            "id": "e8d70dc19bf64905c3304c7576dd1b84c8eb3f2a10ce5bc51a39930fa60049fb",
                            "rendered": "apiVersion: v1\nclusters:\n- cluster:\n    server: https://D63BD5563B1A07C3826D6F6726B192E1.yl4.us-east-1.eks.amazonaws.com\n    certificate-authority-data: LS0tLS1CRUdJTiBDRVJUSUZJQ0FURS0tLS0tCk1JSUN5RENDQWJDZ0F3SUJBZ0lCQURBTkJna3Foa2lHOXcwQkFRc0ZBREFWTVJNd0VRWURWUVFERXdwcmRXSmwKY201bGRHVnpNQjRYRFRFNE1UQXpNREEwTURBd09Wb1hEVEk0TVRBeU56QTBNREF3T1Zvd0ZURVRNQkVHQTFVRQpBeE1LYTNWaVpYSnVaWFJsY3pDQ0FTSXdEUVlKS29aSWh2Y05BUUVCQlFBRGdnRVBBRENDQVFvQ2dnRUJBS1JJCnU0QTNUc1BFU1lycDIwR1VBaVdKK1paKytMQUEvRU9tZytpRXVsYk9KNTVINXhVTFpaVFRiYmJqc1ZoUVFqNk4KOWFDZXR0aGs0MEFaczR3VWFQaVV6T2Q4bGorSGpnakVObGdOZmtKTDBkNFQzbGFKUEVxQ0trSGRVdVlVbkJuRwpzYnFMYlI0K3pwRG1FZ2g3OEhYcFlvdzFwWk1Sdm5tUUFxclJDMk9PU05LcGtPalJUT1FrbHplOUpUTC9lbmJnCmtYOHNlM2dhd3hDWnNFVG9NRlRrNG1EWVNDbjd2R1h2MUJKUGNUcXE4TTZxTE42T0ZaakhIUlFWQ25JdHpyaHkKWXBsS1FHdFJFTVJUSDc5MnZ6U1dOYzdmWjNOVkdVVWI4WHFlcTVsbTFXbjR5R0V2amRYL1M3V3pOOUtESmRJbgp3WktvbjNZSFlPZ05pRVJRY3FjQ0F3RUFBYU1qTUNFd0RnWURWUjBQQVFIL0JBUURBZ0trTUE4R0ExVWRFd0VCCi93UUZNQU1CQWY4d0RRWUpLb1pJaHZjTkFRRUxCUUFEZ2dFQkFIeWMyenQyZWJ6bys0djVneHZPNzIwUDdkMEUKZ3ZUSHQzZTBrZXdFMUo2UDY0VlJrbEpIWVFBaU9rV2hUc0JKaFVhSnIzdG0rcHlzUGcwTWJTcE9nb2pBQ1hVeAoweWZHbHBsOXFSckdTcUs2bVhkUkZyR3Y2djh0anNPdHZDNW5jaGo5Y3NobDNORDFPYWR4NUFIVit5QmptajZjCmsxaGR0ZCs0amwzZXVVeEdaYllxYXdyay9FQjJaS3lUSXZLWTNURGNQN0k3T1ZrZEY2UnpJYlVEVUZ2bGNkVFoKWXNRaDhQeUxzTEUwZFdZekc3bHlZcE5CWkY4c2V3c0xQWDR3cnBseFgzR3NWckJGRVF0eFNRMGhkazNzK1BSUgpwSjg3c3p4YzV5bHFORXpPMVJqVUN3ZFZVUmhSOEdlMkZMbkZFbS9FRzlhRzNRNHRVajlKMUErajRzTT0KLS0tLS1FTkQgQ0VSVElGSUNBVEUtLS0tLQo=\n  name: kubernetes\ncontexts:\n- context:\n    cluster: kubernetes\n    user: aws\n  name: aws\ncurrent-context: aws\nkind: Config\npreferences: {}\nusers:\n- name: aws\n  user:\n    exec:\n      apiVersion: client.authentication.k8s.io/v1alpha1\n      command: heptio-authenticator-aws\n      args:\n        - \"token\"\n        - \"-i\"\n        - \"demo\"\n",
                            "template": "apiVersion: v1\nclusters:\n- cluster:\n    server: ${MASTER_ENDPOINT}\n    certificate-authority-data: ${CERTIFICATE}\n  name: kubernetes\ncontexts:\n- context:\n    cluster: kubernetes\n    user: aws\n  name: aws\ncurrent-context: aws\nkind: Config\npreferences: {}\nusers:\n- name: aws\n  user:\n    exec:\n      apiVersion: client.authentication.k8s.io/v1alpha1\n      command: heptio-authenticator-aws\n      args:\n        - \"token\"\n        - \"-i\"\n        - \"${CLUSTER_NAME}\"\n",
                            "vars.%": "3",
                            "vars.CERTIFICATE": "LS0tLS1CRUdJTiBDRVJUSUZJQ0FURS0tLS0tCk1JSUN5RENDQWJDZ0F3SUJBZ0lCQURBTkJna3Foa2lHOXcwQkFRc0ZBREFWTVJNd0VRWURWUVFERXdwcmRXSmwKY201bGRHVnpNQjRYRFRFNE1UQXpNREEwTURBd09Wb1hEVEk0TVRBeU56QTBNREF3T1Zvd0ZURVRNQkVHQTFVRQpBeE1LYTNWaVpYSnVaWFJsY3pDQ0FTSXdEUVlKS29aSWh2Y05BUUVCQlFBRGdnRVBBRENDQVFvQ2dnRUJBS1JJCnU0QTNUc1BFU1lycDIwR1VBaVdKK1paKytMQUEvRU9tZytpRXVsYk9KNTVINXhVTFpaVFRiYmJqc1ZoUVFqNk4KOWFDZXR0aGs0MEFaczR3VWFQaVV6T2Q4bGorSGpnakVObGdOZmtKTDBkNFQzbGFKUEVxQ0trSGRVdVlVbkJuRwpzYnFMYlI0K3pwRG1FZ2g3OEhYcFlvdzFwWk1Sdm5tUUFxclJDMk9PU05LcGtPalJUT1FrbHplOUpUTC9lbmJnCmtYOHNlM2dhd3hDWnNFVG9NRlRrNG1EWVNDbjd2R1h2MUJKUGNUcXE4TTZxTE42T0ZaakhIUlFWQ25JdHpyaHkKWXBsS1FHdFJFTVJUSDc5MnZ6U1dOYzdmWjNOVkdVVWI4WHFlcTVsbTFXbjR5R0V2amRYL1M3V3pOOUtESmRJbgp3WktvbjNZSFlPZ05pRVJRY3FjQ0F3RUFBYU1qTUNFd0RnWURWUjBQQVFIL0JBUURBZ0trTUE4R0ExVWRFd0VCCi93UUZNQU1CQWY4d0RRWUpLb1pJaHZjTkFRRUxCUUFEZ2dFQkFIeWMyenQyZWJ6bys0djVneHZPNzIwUDdkMEUKZ3ZUSHQzZTBrZXdFMUo2UDY0VlJrbEpIWVFBaU9rV2hUc0JKaFVhSnIzdG0rcHlzUGcwTWJTcE9nb2pBQ1hVeAoweWZHbHBsOXFSckdTcUs2bVhkUkZyR3Y2djh0anNPdHZDNW5jaGo5Y3NobDNORDFPYWR4NUFIVit5QmptajZjCmsxaGR0ZCs0amwzZXVVeEdaYllxYXdyay9FQjJaS3lUSXZLWTNURGNQN0k3T1ZrZEY2UnpJYlVEVUZ2bGNkVFoKWXNRaDhQeUxzTEUwZFdZekc3bHlZcE5CWkY4c2V3c0xQWDR3cnBseFgzR3NWckJGRVF0eFNRMGhkazNzK1BSUgpwSjg3c3p4YzV5bHFORXpPMVJqVUN3ZFZVUmhSOEdlMkZMbkZFbS9FRzlhRzNRNHRVajlKMUErajRzTT0KLS0tLS1FTkQgQ0VSVElGSUNBVEUtLS0tLQo=",
                            "vars.CLUSTER_NAME": "demo",
                            "vars.MASTER_ENDPOINT": "https://D63BD5563B1A07C3826D6F6726B192E1.yl4.us-east-1.eks.amazonaws.com"
                        },
                        "meta": {},
                        "tainted": false
                    },
                    "deposed": [],
                    "provider": "provider.template"
                },
                "local_file.aws-auth": {
                    "type": "local_file",
                    "depends_on": [
                        "data.template_file.aws-auth"
                    ],
                    "primary": {
                        "id": "54d4a092cc6c4c313968fc8656b87f0a51d3e30c",
                        "attributes": {
                            "content": "apiVersion: v1\nkind: ConfigMap\nmetadata:\n  name: aws-auth\n  namespace: kube-system\ndata:\n  mapRoles: |\n    - rolearn: arn:aws:iam::796154432834:role/terraform-eks-demo-node\n      username: system:node:{{EC2PrivateDNSName}}\n      groups:\n        - system:bootstrappers\n        - system:nodes\n",
                            "filename": "/Users/nv250022/Downloads/DevOps-practise/terraform-eks-pulsar/.output/aws-auth.yml",
                            "id": "54d4a092cc6c4c313968fc8656b87f0a51d3e30c"
                        },
                        "meta": {},
                        "tainted": false
                    },
                    "deposed": [],
                    "provider": "provider.local"
                },
                "local_file.kube-config": {
                    "type": "local_file",
                    "depends_on": [
                        "data.template_file.kube-config"
                    ],
                    "primary": {
                        "id": "35955e24e769295642863f8167f66d48edd927d7",
                        "attributes": {
                            "content": "apiVersion: v1\nclusters:\n- cluster:\n    server: https://D63BD5563B1A07C3826D6F6726B192E1.yl4.us-east-1.eks.amazonaws.com\n    certificate-authority-data: LS0tLS1CRUdJTiBDRVJUSUZJQ0FURS0tLS0tCk1JSUN5RENDQWJDZ0F3SUJBZ0lCQURBTkJna3Foa2lHOXcwQkFRc0ZBREFWTVJNd0VRWURWUVFERXdwcmRXSmwKY201bGRHVnpNQjRYRFRFNE1UQXpNREEwTURBd09Wb1hEVEk0TVRBeU56QTBNREF3T1Zvd0ZURVRNQkVHQTFVRQpBeE1LYTNWaVpYSnVaWFJsY3pDQ0FTSXdEUVlKS29aSWh2Y05BUUVCQlFBRGdnRVBBRENDQVFvQ2dnRUJBS1JJCnU0QTNUc1BFU1lycDIwR1VBaVdKK1paKytMQUEvRU9tZytpRXVsYk9KNTVINXhVTFpaVFRiYmJqc1ZoUVFqNk4KOWFDZXR0aGs0MEFaczR3VWFQaVV6T2Q4bGorSGpnakVObGdOZmtKTDBkNFQzbGFKUEVxQ0trSGRVdVlVbkJuRwpzYnFMYlI0K3pwRG1FZ2g3OEhYcFlvdzFwWk1Sdm5tUUFxclJDMk9PU05LcGtPalJUT1FrbHplOUpUTC9lbmJnCmtYOHNlM2dhd3hDWnNFVG9NRlRrNG1EWVNDbjd2R1h2MUJKUGNUcXE4TTZxTE42T0ZaakhIUlFWQ25JdHpyaHkKWXBsS1FHdFJFTVJUSDc5MnZ6U1dOYzdmWjNOVkdVVWI4WHFlcTVsbTFXbjR5R0V2amRYL1M3V3pOOUtESmRJbgp3WktvbjNZSFlPZ05pRVJRY3FjQ0F3RUFBYU1qTUNFd0RnWURWUjBQQVFIL0JBUURBZ0trTUE4R0ExVWRFd0VCCi93UUZNQU1CQWY4d0RRWUpLb1pJaHZjTkFRRUxCUUFEZ2dFQkFIeWMyenQyZWJ6bys0djVneHZPNzIwUDdkMEUKZ3ZUSHQzZTBrZXdFMUo2UDY0VlJrbEpIWVFBaU9rV2hUc0JKaFVhSnIzdG0rcHlzUGcwTWJTcE9nb2pBQ1hVeAoweWZHbHBsOXFSckdTcUs2bVhkUkZyR3Y2djh0anNPdHZDNW5jaGo5Y3NobDNORDFPYWR4NUFIVit5QmptajZjCmsxaGR0ZCs0amwzZXVVeEdaYllxYXdyay9FQjJaS3lUSXZLWTNURGNQN0k3T1ZrZEY2UnpJYlVEVUZ2bGNkVFoKWXNRaDhQeUxzTEUwZFdZekc3bHlZcE5CWkY4c2V3c0xQWDR3cnBseFgzR3NWckJGRVF0eFNRMGhkazNzK1BSUgpwSjg3c3p4YzV5bHFORXpPMVJqVUN3ZFZVUmhSOEdlMkZMbkZFbS9FRzlhRzNRNHRVajlKMUErajRzTT0KLS0tLS1FTkQgQ0VSVElGSUNBVEUtLS0tLQo=\n  name: kubernetes\ncontexts:\n- context:\n    cluster: kubernetes\n    user: aws\n  name: aws\ncurrent-context: aws\nkind: Config\npreferences: {}\nusers:\n- name: aws\n  user:\n    exec:\n      apiVersion: client.authentication.k8s.io/v1alpha1\n      command: heptio-authenticator-aws\n      args:\n        - \"token\"\n        - \"-i\"\n        - \"demo\"\n",
                            "filename": "/Users/nv250022/Downloads/DevOps-practise/terraform-eks-pulsar/.output/kube-config.yml",
                            "id": "35955e24e769295642863f8167f66d48edd927d7"
                        },
                        "meta": {},
                        "tainted": false
                    },
                    "deposed": [],
                    "provider": "provider.local"
                }
            },
            "depends_on": []
        }
    ]
}
